
Microsoft Visual Studio Solution File, Format Version 12.00
# Visual Studio Version 17
VisualStudioVersion = 17.4.32916.344
MinimumVisualStudioVersion = 10.0.40219.1
Project("{FAE04EC0-301F-11D3-BF4B-00C04F79EFBC}") = "SignalRSample", "SignalRSample\SignalRSample.csproj", "{C290EA82-50F7-4BE9-9A8A-A552F01114B9}"
EndProject
Global
	GlobalSection(SolutionConfigurationPlatforms) = preSolution
		Debug|Any CPU = Debug|Any CPU
		Release|Any CPU = Release|Any CPU
	EndGlobalSection
	GlobalSection(ProjectConfigurationPlatforms) = postSolution
		{C290EA82-50F7-4BE9-9A8A-A552F01114B9}.Debug|Any CPU.ActiveCfg = Debug|Any CPU
		{C290EA82-50F7-4BE9-9A8A-A552F01114B9}.Debug|Any CPU.Build.0 = Debug|Any CPU
		{C290EA82-50F7-4BE9-9A8A-A552F01114B9}.Release|Any CPU.ActiveCfg = Release|Any CPU
		{C290EA82-50F7-4BE9-9A8A-A552F01114B9}.Release|Any CPU.Build.0 = Release|Any CPU
	EndGlobalSection
	GlobalSection(SolutionProperties) = preSolution
		HideSolutionNode = FALSE
	EndGlobalSection
	GlobalSection(ExtensibilityGlobals) = postSolution
		SolutionGuid = {22E3FBC9-131A-426C-99F0-1A336D46AAC2}
	EndGlobalSection
EndGlobal
